
Microsoft Visual Studio Solution File, Format Version 12.00
# Visual Studio Version 17
VisualStudioVersion = 17.11.35312.102
MinimumVisualStudioVersion = 10.0.40219.1
Project("{FAE04EC0-301F-11D3-BF4B-00C04F79EFBC}") = "MainSubjects", "MainSubjects\MainSubjects.csproj", "{3B6BE981-B4DF-491E-AF8A-DCA5B66F8C14}"
EndProject
Project("{FAE04EC0-301F-11D3-BF4B-00C04F79EFBC}") = "Variablees", "Variablees\Variablees.csproj", "{4E085DE4-22DA-4EF0-8C59-FE22F177347A}"
EndProject
Global
	GlobalSection(SolutionConfigurationPlatforms) = preSolution
		Debug|Any CPU = Debug|Any CPU
		Release|Any CPU = Release|Any CPU
	EndGlobalSection
	GlobalSection(ProjectConfigurationPlatforms) = postSolution
		{3B6BE981-B4DF-491E-AF8A-DCA5B66F8C14}.Debug|Any CPU.ActiveCfg = Debug|Any CPU
		{3B6BE981-B4DF-491E-AF8A-DCA5B66F8C14}.Debug|Any CPU.Build.0 = Debug|Any CPU
		{3B6BE981-B4DF-491E-AF8A-DCA5B66F8C14}.Release|Any CPU.ActiveCfg = Release|Any CPU
		{3B6BE981-B4DF-491E-AF8A-DCA5B66F8C14}.Release|Any CPU.Build.0 = Release|Any CPU
		{4E085DE4-22DA-4EF0-8C59-FE22F177347A}.Debug|Any CPU.ActiveCfg = Debug|Any CPU
		{4E085DE4-22DA-4EF0-8C59-FE22F177347A}.Debug|Any CPU.Build.0 = Debug|Any CPU
		{4E085DE4-22DA-4EF0-8C59-FE22F177347A}.Release|Any CPU.ActiveCfg = Release|Any CPU
		{4E085DE4-22DA-4EF0-8C59-FE22F177347A}.Release|Any CPU.Build.0 = Release|Any CPU
	EndGlobalSection
	GlobalSection(SolutionProperties) = preSolution
		HideSolutionNode = FALSE
	EndGlobalSection
	GlobalSection(ExtensibilityGlobals) = postSolution
		SolutionGuid = {A341523F-6C1C-473A-9ED5-1B2FEBE4096C}
	EndGlobalSection
EndGlobal
